
Microsoft Visual Studio Solution File, Format Version 12.00
# Visual Studio Version 17
VisualStudioVersion = 17.8.34330.188
MinimumVisualStudioVersion = 10.0.40219.1
Project("{888888A0-9F3D-457C-B088-3A5042F75D52}") = "Discord game try 2", "Discord game try 2\Discord game try 2.pyproj", "{4EAC0BED-02F9-4CF0-8E8D-1B6EDAE5E36F}"
EndProject
Global
	GlobalSection(SolutionConfigurationPlatforms) = preSolution
		Debug|Any CPU = Debug|Any CPU
		Release|Any CPU = Release|Any CPU
	EndGlobalSection
	GlobalSection(ProjectConfigurationPlatforms) = postSolution
		{4EAC0BED-02F9-4CF0-8E8D-1B6EDAE5E36F}.Debug|Any CPU.ActiveCfg = Debug|Any CPU
		{4EAC0BED-02F9-4CF0-8E8D-1B6EDAE5E36F}.Release|Any CPU.ActiveCfg = Release|Any CPU
	EndGlobalSection
	GlobalSection(SolutionProperties) = preSolution
		HideSolutionNode = FALSE
	EndGlobalSection
	GlobalSection(ExtensibilityGlobals) = postSolution
		SolutionGuid = {0EF30977-8B09-442B-A44B-168AA46B4968}
	EndGlobalSection
EndGlobal
